schema: '2.0'
stages:
  clean:
    cmd: python scripts/clean.py
    deps:
    - path: data/raw/events.csv
      hash: md5
      md5: 431ff8b1e99f6c5ac0a423d9e37ac2a9
      size: 73240
    - path: scripts/clean.py
      hash: md5
      md5: 9cc031359dddf2fbf9ad375682b6cbcd
      size: 2382
    outs:
    - path: data/clean/events.csv
      hash: md5
      md5: 47259ebf1edc13611ef9bb3d1131bc5a
      size: 62388
  transform:
    cmd: python scripts/transform.py
    deps:
    - path: data/clean/events.csv
      hash: md5
      md5: 47259ebf1edc13611ef9bb3d1131bc5a
      size: 62388
    - path: scripts/transform.py
      hash: md5
      md5: a9fd7c0574273765ac6403b879f12588
      size: 391
    outs:
    - path: data/transformed/events.csv
      hash: md5
      md5: be0a88fcb17b5e8b18e72b88c0c58fc2
      size: 81005
  features:
    cmd: python scripts/features.py
    deps:
    - path: data/transformed/events.csv
      hash: md5
      md5: be0a88fcb17b5e8b18e72b88c0c58fc2
      size: 81005
    - path: scripts/features.py
      hash: md5
      md5: ac5235e8b239631ed101279fd4fefec6
      size: 651
    outs:
    - path: data/features/events.csv
      hash: md5
      md5: 66371a3aab8ea7c89390b259217bffc7
      size: 118778
